
Microsoft Visual Studio Solution File, Format Version 12.00
# Visual Studio Version 16
VisualStudioVersion = 16.0.28917.182
MinimumVisualStudioVersion = 10.0.40219.1
Project("{2150E333-8FDC-42A3-9474-1A3956D46DE8}") = "Log4Net.ElasticSearch", "Log4Net.ElasticSearch", "{E2A444AF-1633-4D1E-BF3F-4ABC3167B00D}"
EndProject
Project("{9A19103F-16F7-4668-BE54-9A1E7A4F7556}") = "log4net.ElasticSearch", "Log4Net.ElasticSearch\log4net.ElasticSearchEx\log4net.ElasticSearch.csproj", "{46775E02-BD4A-4C11-A1B5-6CEA4438A6F0}"
EndProject
Project("{9A19103F-16F7-4668-BE54-9A1E7A4F7556}") = "Mango.Log4Net.ElasticSearch", "Log4Net.ElasticSearch\Mango.Log4Net.ElasticSearch\Mango.Log4Net.ElasticSearch.csproj", "{1D5C181E-443F-48E3-A4F2-ED45A0B9D6A4}"
EndProject
Project("{9A19103F-16F7-4668-BE54-9A1E7A4F7556}") = "Mango.Log4Net.ElasticSearch.Test", "Log4Net.ElasticSearch\Mango.Log4Net.ElasticSearch.Test\Mango.Log4Net.ElasticSearch.Test.csproj", "{0E78326F-91B1-40E5-840F-A77C754D1554}"
EndProject
Project("{FAE04EC0-301F-11D3-BF4B-00C04F79EFBC}") = "Mango.Log4Net.ElasticSearch.Test4Net", "Log4Net.ElasticSearch\Mango.Log4Net.ElasticSearch.Test4Net\Mango.Log4Net.ElasticSearch.Test4Net.csproj", "{1E48DA36-740A-44F8-BFC5-7537496D1A22}"
EndProject
Project("{2150E333-8FDC-42A3-9474-1A3956D46DE8}") = "CodisHA", "CodisHA", "{36329DAD-B209-4C4A-90D5-702F59842BB9}"
EndProject
Project("{9A19103F-16F7-4668-BE54-9A1E7A4F7556}") = "Mango.ZooKeeperNet.Util", "CodisHA\Mango.ZooKeeperNet.Util\Mango.ZooKeeperNet.Util.csproj", "{70C9FC91-F758-4560-A30A-B043A48945C2}"
EndProject
Project("{9A19103F-16F7-4668-BE54-9A1E7A4F7556}") = "Mango.Nodis", "CodisHA\Mango.Nodis\Mango.Nodis.csproj", "{BC358AA1-39C6-4EC2-9B22-0BD4341FAC3C}"
EndProject
Project("{9A19103F-16F7-4668-BE54-9A1E7A4F7556}") = "Mango.Nodis.NetCore.Test", "CodisHA\Mango.Nodis.NetCore.Test\Mango.Nodis.NetCore.Test.csproj", "{DD4C7E58-C705-4783-9684-4EB37EB4B4CB}"
EndProject
Project("{FAE04EC0-301F-11D3-BF4B-00C04F79EFBC}") = "Mango.Nodis.Net.Test", "CodisHA\Mango.Nodis.Net.Test\Mango.Nodis.Net.Test.csproj", "{E3DDE476-B63E-444A-A14A-B1E63D556CC7}"
EndProject
Project("{2150E333-8FDC-42A3-9474-1A3956D46DE8}") = "MongoDB", "MongoDB", "{CD9BCB0D-E71E-4C81-B231-C1BABA6441C6}"
EndProject
Project("{9A19103F-16F7-4668-BE54-9A1E7A4F7556}") = "Mango.Nosql.Mongo", "MongoDB\Mango.Nosql.Mongo\Mango.Nosql.Mongo.csproj", "{3181F5A9-6D99-4212-9283-648A2E8E44B7}"
EndProject
Project("{FAE04EC0-301F-11D3-BF4B-00C04F79EFBC}") = "Mango.Nosql.Mongo.Test", "MongoDB\Mango.Nosql.Mongo.Test\Mango.Nosql.Mongo.Test.csproj", "{0E1FDFDB-E827-45D8-A497-2EEA835544D4}"
EndProject
Global
	GlobalSection(SolutionConfigurationPlatforms) = preSolution
		Debug|Any CPU = Debug|Any CPU
		Release|Any CPU = Release|Any CPU
	EndGlobalSection
	GlobalSection(ProjectConfigurationPlatforms) = postSolution
		{46775E02-BD4A-4C11-A1B5-6CEA4438A6F0}.Debug|Any CPU.ActiveCfg = Debug|Any CPU
		{46775E02-BD4A-4C11-A1B5-6CEA4438A6F0}.Debug|Any CPU.Build.0 = Debug|Any CPU
		{46775E02-BD4A-4C11-A1B5-6CEA4438A6F0}.Release|Any CPU.ActiveCfg = Release|Any CPU
		{46775E02-BD4A-4C11-A1B5-6CEA4438A6F0}.Release|Any CPU.Build.0 = Release|Any CPU
		{1D5C181E-443F-48E3-A4F2-ED45A0B9D6A4}.Debug|Any CPU.ActiveCfg = Debug|Any CPU
		{1D5C181E-443F-48E3-A4F2-ED45A0B9D6A4}.Debug|Any CPU.Build.0 = Debug|Any CPU
		{1D5C181E-443F-48E3-A4F2-ED45A0B9D6A4}.Release|Any CPU.ActiveCfg = Release|Any CPU
		{1D5C181E-443F-48E3-A4F2-ED45A0B9D6A4}.Release|Any CPU.Build.0 = Release|Any CPU
		{0E78326F-91B1-40E5-840F-A77C754D1554}.Debug|Any CPU.ActiveCfg = Debug|Any CPU
		{0E78326F-91B1-40E5-840F-A77C754D1554}.Debug|Any CPU.Build.0 = Debug|Any CPU
		{0E78326F-91B1-40E5-840F-A77C754D1554}.Release|Any CPU.ActiveCfg = Release|Any CPU
		{0E78326F-91B1-40E5-840F-A77C754D1554}.Release|Any CPU.Build.0 = Release|Any CPU
		{1E48DA36-740A-44F8-BFC5-7537496D1A22}.Debug|Any CPU.ActiveCfg = Debug|Any CPU
		{1E48DA36-740A-44F8-BFC5-7537496D1A22}.Debug|Any CPU.Build.0 = Debug|Any CPU
		{1E48DA36-740A-44F8-BFC5-7537496D1A22}.Release|Any CPU.ActiveCfg = Release|Any CPU
		{1E48DA36-740A-44F8-BFC5-7537496D1A22}.Release|Any CPU.Build.0 = Release|Any CPU
		{70C9FC91-F758-4560-A30A-B043A48945C2}.Debug|Any CPU.ActiveCfg = Debug|Any CPU
		{70C9FC91-F758-4560-A30A-B043A48945C2}.Debug|Any CPU.Build.0 = Debug|Any CPU
		{70C9FC91-F758-4560-A30A-B043A48945C2}.Release|Any CPU.ActiveCfg = Release|Any CPU
		{70C9FC91-F758-4560-A30A-B043A48945C2}.Release|Any CPU.Build.0 = Release|Any CPU
		{BC358AA1-39C6-4EC2-9B22-0BD4341FAC3C}.Debug|Any CPU.ActiveCfg = Debug|Any CPU
		{BC358AA1-39C6-4EC2-9B22-0BD4341FAC3C}.Debug|Any CPU.Build.0 = Debug|Any CPU
		{BC358AA1-39C6-4EC2-9B22-0BD4341FAC3C}.Release|Any CPU.ActiveCfg = Release|Any CPU
		{BC358AA1-39C6-4EC2-9B22-0BD4341FAC3C}.Release|Any CPU.Build.0 = Release|Any CPU
		{DD4C7E58-C705-4783-9684-4EB37EB4B4CB}.Debug|Any CPU.ActiveCfg = Debug|Any CPU
		{DD4C7E58-C705-4783-9684-4EB37EB4B4CB}.Debug|Any CPU.Build.0 = Debug|Any CPU
		{DD4C7E58-C705-4783-9684-4EB37EB4B4CB}.Release|Any CPU.ActiveCfg = Release|Any CPU
		{DD4C7E58-C705-4783-9684-4EB37EB4B4CB}.Release|Any CPU.Build.0 = Release|Any CPU
		{E3DDE476-B63E-444A-A14A-B1E63D556CC7}.Debug|Any CPU.ActiveCfg = Debug|Any CPU
		{E3DDE476-B63E-444A-A14A-B1E63D556CC7}.Debug|Any CPU.Build.0 = Debug|Any CPU
		{E3DDE476-B63E-444A-A14A-B1E63D556CC7}.Release|Any CPU.ActiveCfg = Release|Any CPU
		{E3DDE476-B63E-444A-A14A-B1E63D556CC7}.Release|Any CPU.Build.0 = Release|Any CPU
		{3181F5A9-6D99-4212-9283-648A2E8E44B7}.Debug|Any CPU.ActiveCfg = Debug|Any CPU
		{3181F5A9-6D99-4212-9283-648A2E8E44B7}.Debug|Any CPU.Build.0 = Debug|Any CPU
		{3181F5A9-6D99-4212-9283-648A2E8E44B7}.Release|Any CPU.ActiveCfg = Release|Any CPU
		{3181F5A9-6D99-4212-9283-648A2E8E44B7}.Release|Any CPU.Build.0 = Release|Any CPU
		{0E1FDFDB-E827-45D8-A497-2EEA835544D4}.Debug|Any CPU.ActiveCfg = Debug|Any CPU
		{0E1FDFDB-E827-45D8-A497-2EEA835544D4}.Debug|Any CPU.Build.0 = Debug|Any CPU
		{0E1FDFDB-E827-45D8-A497-2EEA835544D4}.Release|Any CPU.ActiveCfg = Release|Any CPU
		{0E1FDFDB-E827-45D8-A497-2EEA835544D4}.Release|Any CPU.Build.0 = Release|Any CPU
	EndGlobalSection
	GlobalSection(SolutionProperties) = preSolution
		HideSolutionNode = FALSE
	EndGlobalSection
	GlobalSection(NestedProjects) = preSolution
		{46775E02-BD4A-4C11-A1B5-6CEA4438A6F0} = {E2A444AF-1633-4D1E-BF3F-4ABC3167B00D}
		{1D5C181E-443F-48E3-A4F2-ED45A0B9D6A4} = {E2A444AF-1633-4D1E-BF3F-4ABC3167B00D}
		{0E78326F-91B1-40E5-840F-A77C754D1554} = {E2A444AF-1633-4D1E-BF3F-4ABC3167B00D}
		{1E48DA36-740A-44F8-BFC5-7537496D1A22} = {E2A444AF-1633-4D1E-BF3F-4ABC3167B00D}
		{70C9FC91-F758-4560-A30A-B043A48945C2} = {36329DAD-B209-4C4A-90D5-702F59842BB9}
		{BC358AA1-39C6-4EC2-9B22-0BD4341FAC3C} = {36329DAD-B209-4C4A-90D5-702F59842BB9}
		{DD4C7E58-C705-4783-9684-4EB37EB4B4CB} = {36329DAD-B209-4C4A-90D5-702F59842BB9}
		{E3DDE476-B63E-444A-A14A-B1E63D556CC7} = {36329DAD-B209-4C4A-90D5-702F59842BB9}
		{3181F5A9-6D99-4212-9283-648A2E8E44B7} = {CD9BCB0D-E71E-4C81-B231-C1BABA6441C6}
		{0E1FDFDB-E827-45D8-A497-2EEA835544D4} = {CD9BCB0D-E71E-4C81-B231-C1BABA6441C6}
	EndGlobalSection
	GlobalSection(ExtensibilityGlobals) = postSolution
		SolutionGuid = {BCD568E2-8ECE-4AEB-AD4F-C2D8FFF2F0AE}
	EndGlobalSection
EndGlobal
